
Microsoft Visual Studio Solution File, Format Version 12.00
# Visual Studio 15
VisualStudioVersion = 15.0.28307.960
MinimumVisualStudioVersion = 10.0.40219.1
Project("{FAE04EC0-301F-11D3-BF4B-00C04F79EFBC}") = "DataAccessProgram", "DataAccessProgram\DataAccessProgram.csproj", "{BA52E692-CBE9-42D1-9D08-3A9A7D0438F1}"
EndProject
Project("{FAE04EC0-301F-11D3-BF4B-00C04F79EFBC}") = "DataAccessWithDataAdaptor", "DataAccessWithDataAdaptor\DataAccessWithDataAdaptor.csproj", "{D1B2ABBC-9638-4C70-99BC-0B645840CA1D}"
EndProject
Project("{FAE04EC0-301F-11D3-BF4B-00C04F79EFBC}") = "DataAccess", "DataAccess\DataAccess.csproj", "{7AAF5479-E196-4D80-8E22-9EEED8A2805D}"
EndProject
Global
	GlobalSection(SolutionConfigurationPlatforms) = preSolution
		Debug|Any CPU = Debug|Any CPU
		Release|Any CPU = Release|Any CPU
	EndGlobalSection
	GlobalSection(ProjectConfigurationPlatforms) = postSolution
		{BA52E692-CBE9-42D1-9D08-3A9A7D0438F1}.Debug|Any CPU.ActiveCfg = Debug|Any CPU
		{BA52E692-CBE9-42D1-9D08-3A9A7D0438F1}.Debug|Any CPU.Build.0 = Debug|Any CPU
		{BA52E692-CBE9-42D1-9D08-3A9A7D0438F1}.Release|Any CPU.ActiveCfg = Release|Any CPU
		{BA52E692-CBE9-42D1-9D08-3A9A7D0438F1}.Release|Any CPU.Build.0 = Release|Any CPU
		{D1B2ABBC-9638-4C70-99BC-0B645840CA1D}.Debug|Any CPU.ActiveCfg = Debug|Any CPU
		{D1B2ABBC-9638-4C70-99BC-0B645840CA1D}.Debug|Any CPU.Build.0 = Debug|Any CPU
		{D1B2ABBC-9638-4C70-99BC-0B645840CA1D}.Release|Any CPU.ActiveCfg = Release|Any CPU
		{D1B2ABBC-9638-4C70-99BC-0B645840CA1D}.Release|Any CPU.Build.0 = Release|Any CPU
		{7AAF5479-E196-4D80-8E22-9EEED8A2805D}.Debug|Any CPU.ActiveCfg = Debug|Any CPU
		{7AAF5479-E196-4D80-8E22-9EEED8A2805D}.Debug|Any CPU.Build.0 = Debug|Any CPU
		{7AAF5479-E196-4D80-8E22-9EEED8A2805D}.Release|Any CPU.ActiveCfg = Release|Any CPU
		{7AAF5479-E196-4D80-8E22-9EEED8A2805D}.Release|Any CPU.Build.0 = Release|Any CPU
	EndGlobalSection
	GlobalSection(SolutionProperties) = preSolution
		HideSolutionNode = FALSE
	EndGlobalSection
	GlobalSection(ExtensibilityGlobals) = postSolution
		SolutionGuid = {006185B6-1095-4F3B-AA52-43150174AB15}
	EndGlobalSection
EndGlobal
